
Microsoft Visual Studio Solution File, Format Version 12.00
# Visual Studio Version 16
VisualStudioVersion = 16.0.29911.84
MinimumVisualStudioVersion = 10.0.40219.1
Project("{F184B08F-C81C-45F6-A57F-5ABD9991F28F}") = "LoadData2", "LoadData2\LoadData2.vbproj", "{2493A87D-C190-48F4-A968-3EC7070B2898}"
EndProject
Global
	GlobalSection(SolutionConfigurationPlatforms) = preSolution
		Debug|Any CPU = Debug|Any CPU
		Release|Any CPU = Release|Any CPU
	EndGlobalSection
	GlobalSection(ProjectConfigurationPlatforms) = postSolution
		{2493A87D-C190-48F4-A968-3EC7070B2898}.Debug|Any CPU.ActiveCfg = Debug|Any CPU
		{2493A87D-C190-48F4-A968-3EC7070B2898}.Debug|Any CPU.Build.0 = Debug|Any CPU
		{2493A87D-C190-48F4-A968-3EC7070B2898}.Release|Any CPU.ActiveCfg = Release|Any CPU
		{2493A87D-C190-48F4-A968-3EC7070B2898}.Release|Any CPU.Build.0 = Release|Any CPU
	EndGlobalSection
	GlobalSection(SolutionProperties) = preSolution
		HideSolutionNode = FALSE
	EndGlobalSection
	GlobalSection(ExtensibilityGlobals) = postSolution
		SolutionGuid = {8F7925A7-F3AB-4BD6-A18C-52A99FF3C392}
	EndGlobalSection
EndGlobal
